
Microsoft Visual Studio Solution File, Format Version 12.00
# Visual Studio Version 17
VisualStudioVersion = 17.7.34202.233
MinimumVisualStudioVersion = 10.0.40219.1
Project("{9A19103F-16F7-4668-BE54-9A1E7A4F7556}") = "DaprWorkflows", "DaprWorkflows.csproj", "{551DF202-6734-424B-BE9E-A086AA51F4D4}"
EndProject
Global
	GlobalSection(SolutionConfigurationPlatforms) = preSolution
		Debug|Any CPU = Debug|Any CPU
		Debug|x64 = Debug|x64
		Release|Any CPU = Release|Any CPU
		Release|x64 = Release|x64
	EndGlobalSection
	GlobalSection(ProjectConfigurationPlatforms) = postSolution
		{551DF202-6734-424B-BE9E-A086AA51F4D4}.Debug|Any CPU.ActiveCfg = Debug|Any CPU
		{551DF202-6734-424B-BE9E-A086AA51F4D4}.Debug|Any CPU.Build.0 = Debug|Any CPU
		{551DF202-6734-424B-BE9E-A086AA51F4D4}.Debug|x64.ActiveCfg = Debug|Any CPU
		{551DF202-6734-424B-BE9E-A086AA51F4D4}.Debug|x64.Build.0 = Debug|Any CPU
		{551DF202-6734-424B-BE9E-A086AA51F4D4}.Release|Any CPU.ActiveCfg = Release|Any CPU
		{551DF202-6734-424B-BE9E-A086AA51F4D4}.Release|Any CPU.Build.0 = Release|Any CPU
		{551DF202-6734-424B-BE9E-A086AA51F4D4}.Release|x64.ActiveCfg = Release|Any CPU
		{551DF202-6734-424B-BE9E-A086AA51F4D4}.Release|x64.Build.0 = Release|Any CPU
	EndGlobalSection
	GlobalSection(SolutionProperties) = preSolution
		HideSolutionNode = FALSE
	EndGlobalSection
	GlobalSection(ExtensibilityGlobals) = postSolution
		SolutionGuid = {FEFA1660-98A9-4581-9BFB-0EB4F153B8D2}
	EndGlobalSection
EndGlobal
